
Microsoft Visual Studio Solution File, Format Version 12.00
# Visual Studio Version 16
VisualStudioVersion = 16.0.32228.343
MinimumVisualStudioVersion = 10.0.40219.1
Project("{FAE04EC0-301F-11D3-BF4B-00C04F79EFBC}") = "MyConsoleApp", "MyConsoleApp\MyConsoleApp.csproj", "{D790E76A-A5C9-465C-A006-1CC2203732B1}"
EndProject
Global
	GlobalSection(SolutionConfigurationPlatforms) = preSolution
		Debug|Any CPU = Debug|Any CPU
		Release|Any CPU = Release|Any CPU
	EndGlobalSection
	GlobalSection(ProjectConfigurationPlatforms) = postSolution
		{D790E76A-A5C9-465C-A006-1CC2203732B1}.Debug|Any CPU.ActiveCfg = Debug|Any CPU
		{D790E76A-A5C9-465C-A006-1CC2203732B1}.Debug|Any CPU.Build.0 = Debug|Any CPU
		{D790E76A-A5C9-465C-A006-1CC2203732B1}.Release|Any CPU.ActiveCfg = Release|Any CPU
		{D790E76A-A5C9-465C-A006-1CC2203732B1}.Release|Any CPU.Build.0 = Release|Any CPU
	EndGlobalSection
	GlobalSection(SolutionProperties) = preSolution
		HideSolutionNode = FALSE
	EndGlobalSection
	GlobalSection(ExtensibilityGlobals) = postSolution
		SolutionGuid = {C37D97CE-90C4-47F4-9CB7-F0C0AED8E0FA}
	EndGlobalSection
EndGlobal
